
Microsoft Visual Studio Solution File, Format Version 12.00
Project("{FAE04EC0-301F-11D3-BF4B-00C04F79EFBC}") = "Checkout", "Checkout\Checkout.csproj", "{C36220AF-4A8E-4E70-AFA2-426579A71570}"
EndProject
Project("{FAE04EC0-301F-11D3-BF4B-00C04F79EFBC}") = "Checkout.Tests", "Checkout.Tests\Checkout.Tests.csproj", "{40E353DB-0B29-402A-A291-0ECE81B01BD9}"
EndProject
Global
	GlobalSection(SolutionConfigurationPlatforms) = preSolution
		Debug|Any CPU = Debug|Any CPU
		Release|Any CPU = Release|Any CPU
	EndGlobalSection
	GlobalSection(ProjectConfigurationPlatforms) = postSolution
		{C36220AF-4A8E-4E70-AFA2-426579A71570}.Debug|Any CPU.ActiveCfg = Debug|Any CPU
		{C36220AF-4A8E-4E70-AFA2-426579A71570}.Debug|Any CPU.Build.0 = Debug|Any CPU
		{C36220AF-4A8E-4E70-AFA2-426579A71570}.Release|Any CPU.ActiveCfg = Release|Any CPU
		{C36220AF-4A8E-4E70-AFA2-426579A71570}.Release|Any CPU.Build.0 = Release|Any CPU
		{40E353DB-0B29-402A-A291-0ECE81B01BD9}.Debug|Any CPU.ActiveCfg = Debug|Any CPU
		{40E353DB-0B29-402A-A291-0ECE81B01BD9}.Debug|Any CPU.Build.0 = Debug|Any CPU
		{40E353DB-0B29-402A-A291-0ECE81B01BD9}.Release|Any CPU.ActiveCfg = Release|Any CPU
		{40E353DB-0B29-402A-A291-0ECE81B01BD9}.Release|Any CPU.Build.0 = Release|Any CPU
	EndGlobalSection
EndGlobal
